// !$*UTF8*$!
{
	archiveVersion = 1;
	classes = {
	};
	objectVersion = 55;
	objects = {

/* Begin PBXBuildFile section */
		0EB6A5C259D339DFB9728E51 /* Pods_PhotosListTaskTests.framework in Frameworks */ = {isa = PBXBuildFile; fileRef = EA44035AB8C601E28C239787 /* Pods_PhotosListTaskTests.framework */; };
		29BF0E2409CFFF1744937695 /* Pods_PhotosListTask.framework in Frameworks */ = {isa = PBXBuildFile; fileRef = 0EE5D46C169163A063AA89F2 /* Pods_PhotosListTask.framework */; };
		366C125719ABBFFDC374D6A7 /* Pods_PhotosListTask_PhotosListTaskUITests.framework in Frameworks */ = {isa = PBXBuildFile; fileRef = EEFE3E03B323B49C3BF0EA3F /* Pods_PhotosListTask_PhotosListTaskUITests.framework */; };
		858F3F942783C32D00142F01 /* UIImage.swift in Sources */ = {isa = PBXBuildFile; fileRef = 858F3F932783C32D00142F01 /* UIImage.swift */; };
		858F94412780C6E000D2D3B1 /* AppDelegate.swift in Sources */ = {isa = PBXBuildFile; fileRef = 858F94402780C6E000D2D3B1 /* AppDelegate.swift */; };
		858F94432780C6E000D2D3B1 /* SceneDelegate.swift in Sources */ = {isa = PBXBuildFile; fileRef = 858F94422780C6E000D2D3B1 /* SceneDelegate.swift */; };
		858F944D2780C6E200D2D3B1 /* Assets.xcassets in Resources */ = {isa = PBXBuildFile; fileRef = 858F944C2780C6E200D2D3B1 /* Assets.xcassets */; };
		858F94502780C6E200D2D3B1 /* LaunchScreen.storyboard in Resources */ = {isa = PBXBuildFile; fileRef = 858F944E2780C6E200D2D3B1 /* LaunchScreen.storyboard */; };
		858F945B2780C6E200D2D3B1 /* PhotosListTaskTests.swift in Sources */ = {isa = PBXBuildFile; fileRef = 858F945A2780C6E200D2D3B1 /* PhotosListTaskTests.swift */; };
		858F94652780C6E200D2D3B1 /* PhotosListTaskUITests.swift in Sources */ = {isa = PBXBuildFile; fileRef = 858F94642780C6E200D2D3B1 /* PhotosListTaskUITests.swift */; };
		858F94672780C6E200D2D3B1 /* PhotosListTaskUITestsLaunchTests.swift in Sources */ = {isa = PBXBuildFile; fileRef = 858F94662780C6E200D2D3B1 /* PhotosListTaskUITestsLaunchTests.swift */; };
		858F94752780C8BA00D2D3B1 /* AppConfiguration.swift in Sources */ = {isa = PBXBuildFile; fileRef = 858F94742780C8BA00D2D3B1 /* AppConfiguration.swift */; };
		858F947A2780CA6800D2D3B1 /* Observable.swift in Sources */ = {isa = PBXBuildFile; fileRef = 858F94792780CA6800D2D3B1 /* Observable.swift */; };
		858F947D2780CAB600D2D3B1 /* NetworkConnectionManager.swift in Sources */ = {isa = PBXBuildFile; fileRef = 858F947C2780CAB600D2D3B1 /* NetworkConnectionManager.swift */; };
		858F94832780CB5900D2D3B1 /* BaseViewController.swift in Sources */ = {isa = PBXBuildFile; fileRef = 858F94822780CB5900D2D3B1 /* BaseViewController.swift */; };
		858F94852780CB6200D2D3B1 /* BaseViewModel.swift in Sources */ = {isa = PBXBuildFile; fileRef = 858F94842780CB6200D2D3B1 /* BaseViewModel.swift */; };
		858F94872780CB8600D2D3B1 /* BaseNavigationController.swift in Sources */ = {isa = PBXBuildFile; fileRef = 858F94862780CB8600D2D3B1 /* BaseNavigationController.swift */; };
		858F94892780CD0600D2D3B1 /* NavigationManager.swift in Sources */ = {isa = PBXBuildFile; fileRef = 858F94882780CD0600D2D3B1 /* NavigationManager.swift */; };
		858F948C2780CD8D00D2D3B1 /* UIViewController.swift in Sources */ = {isa = PBXBuildFile; fileRef = 858F948B2780CD8D00D2D3B1 /* UIViewController.swift */; };
		858F948F2780CDD900D2D3B1 /* Storyboarded.swift in Sources */ = {isa = PBXBuildFile; fileRef = 858F948E2780CDD900D2D3B1 /* Storyboarded.swift */; };
		858F94912780CDFA00D2D3B1 /* Alertable.swift in Sources */ = {isa = PBXBuildFile; fileRef = 858F94902780CDFA00D2D3B1 /* Alertable.swift */; };
		858F94942780CE5D00D2D3B1 /* Constants.swift in Sources */ = {isa = PBXBuildFile; fileRef = 858F94932780CE5D00D2D3B1 /* Constants.swift */; };
		858F94962780CE7500D2D3B1 /* Dimensions.swift in Sources */ = {isa = PBXBuildFile; fileRef = 858F94952780CE7500D2D3B1 /* Dimensions.swift */; };
		858F94982780CE9600D2D3B1 /* Colors.swift in Sources */ = {isa = PBXBuildFile; fileRef = 858F94972780CE9600D2D3B1 /* Colors.swift */; };
		858F949A2780CEA900D2D3B1 /* Images.swift in Sources */ = {isa = PBXBuildFile; fileRef = 858F94992780CEA900D2D3B1 /* Images.swift */; };
		858F949E2780CEFB00D2D3B1 /* NetworkConstants.swift in Sources */ = {isa = PBXBuildFile; fileRef = 858F949D2780CEFB00D2D3B1 /* NetworkConstants.swift */; };
		858F94A12780CF2700D2D3B1 /* BaseAPI.swift in Sources */ = {isa = PBXBuildFile; fileRef = 858F94A02780CF2700D2D3B1 /* BaseAPI.swift */; };
		858F94A42780CF7F00D2D3B1 /* BaseRouter.swift in Sources */ = {isa = PBXBuildFile; fileRef = 858F94A32780CF7F00D2D3B1 /* BaseRouter.swift */; };
		858F94AC2780D62000D2D3B1 /* PhotosList.storyboard in Resources */ = {isa = PBXBuildFile; fileRef = 858F94AB2780D62000D2D3B1 /* PhotosList.storyboard */; };
		858F94AE2780D62B00D2D3B1 /* PhotosListViewController.swift in Sources */ = {isa = PBXBuildFile; fileRef = 858F94AD2780D62B00D2D3B1 /* PhotosListViewController.swift */; };
		858F94B12780D64500D2D3B1 /* PhotosListViewModel.swift in Sources */ = {isa = PBXBuildFile; fileRef = 858F94B02780D64500D2D3B1 /* PhotosListViewModel.swift */; };
		858F94B32780DA7600D2D3B1 /* PhotosListDataSource.swift in Sources */ = {isa = PBXBuildFile; fileRef = 858F94B22780DA7600D2D3B1 /* PhotosListDataSource.swift */; };
		858F94B52780DB0700D2D3B1 /* Photo.swift in Sources */ = {isa = PBXBuildFile; fileRef = 858F94B42780DB0700D2D3B1 /* Photo.swift */; };
		858F94BD2780DD3000D2D3B1 /* PhotoCell.swift in Sources */ = {isa = PBXBuildFile; fileRef = 858F94BC2780DD3000D2D3B1 /* PhotoCell.swift */; };
		858F94BF2780DD3D00D2D3B1 /* PhotoCell.xib in Resources */ = {isa = PBXBuildFile; fileRef = 858F94BE2780DD3D00D2D3B1 /* PhotoCell.xib */; };
		858F94C52780E80D00D2D3B1 /* PhotosAPI.swift in Sources */ = {isa = PBXBuildFile; fileRef = 858F94C42780E80D00D2D3B1 /* PhotosAPI.swift */; };
		858F94C72780E8AC00D2D3B1 /* PhotosRouter.swift in Sources */ = {isa = PBXBuildFile; fileRef = 858F94C62780E8AC00D2D3B1 /* PhotosRouter.swift */; };
		858F94C92780EAC400D2D3B1 /* BaseReponse.swift in Sources */ = {isa = PBXBuildFile; fileRef = 858F94C82780EAC400D2D3B1 /* BaseReponse.swift */; };
		85945B9A278265D200E81E30 /* SkeletonPhotoCell.swift in Sources */ = {isa = PBXBuildFile; fileRef = 85945B99278265D200E81E30 /* SkeletonPhotoCell.swift */; };
		85945B9C278265E000E81E30 /* SkeletonPhotoCell.xib in Resources */ = {isa = PBXBuildFile; fileRef = 85945B9B278265E000E81E30 /* SkeletonPhotoCell.xib */; };
		85945B9F27826C6000E81E30 /* AdCell.xib in Resources */ = {isa = PBXBuildFile; fileRef = 85945B9E27826C6000E81E30 /* AdCell.xib */; };
		85945BA127826C6900E81E30 /* AdCell.swift in Sources */ = {isa = PBXBuildFile; fileRef = 85945BA027826C6900E81E30 /* AdCell.swift */; };
		85945BA92782823800E81E30 /* PhotoDetailsViewController.swift in Sources */ = {isa = PBXBuildFile; fileRef = 85945BA82782823700E81E30 /* PhotoDetailsViewController.swift */; };
		85945BAB2782824800E81E30 /* PhotoDetails.storyboard in Resources */ = {isa = PBXBuildFile; fileRef = 85945BAA2782824700E81E30 /* PhotoDetails.storyboard */; };
		85945BAD2782825800E81E30 /* PhotoDetailsViewModel.swift in Sources */ = {isa = PBXBuildFile; fileRef = 85945BAC2782825800E81E30 /* PhotoDetailsViewModel.swift */; };
/* End PBXBuildFile section */

/* Begin PBXContainerItemProxy section */
		858F94572780C6E200D2D3B1 /* PBXContainerItemProxy */ = {
			isa = PBXContainerItemProxy;
			containerPortal = 858F94352780C6E000D2D3B1 /* Project object */;
			proxyType = 1;
			remoteGlobalIDString = 858F943C2780C6E000D2D3B1;
			remoteInfo = PhotosListTask;
		};
		858F94612780C6E200D2D3B1 /* PBXContainerItemProxy */ = {
			isa = PBXContainerItemProxy;
			containerPortal = 858F94352780C6E000D2D3B1 /* Project object */;
			proxyType = 1;
			remoteGlobalIDString = 858F943C2780C6E000D2D3B1;
			remoteInfo = PhotosListTask;
		};
/* End PBXContainerItemProxy section */

/* Begin PBXFileReference section */
		0EE5D46C169163A063AA89F2 /* Pods_PhotosListTask.framework */ = {isa = PBXFileReference; explicitFileType = wrapper.framework; includeInIndex = 0; path = Pods_PhotosListTask.framework; sourceTree = BUILT_PRODUCTS_DIR; };
		1446D448FE84C4612277AD0F /* Pods-PhotosListTask.release.xcconfig */ = {isa = PBXFileReference; includeInIndex = 1; lastKnownFileType = text.xcconfig; name = "Pods-PhotosListTask.release.xcconfig"; path = "Target Support Files/Pods-PhotosListTask/Pods-PhotosListTask.release.xcconfig"; sourceTree = "<group>"; };
		3DE989079144182037F2090E /* Pods-PhotosListTask-PhotosListTaskUITests.debug.xcconfig */ = {isa = PBXFileReference; includeInIndex = 1; lastKnownFileType = text.xcconfig; name = "Pods-PhotosListTask-PhotosListTaskUITests.debug.xcconfig"; path = "Target Support Files/Pods-PhotosListTask-PhotosListTaskUITests/Pods-PhotosListTask-PhotosListTaskUITests.debug.xcconfig"; sourceTree = "<group>"; };
		548BCC1D99045BD530F7C42A /* Pods-PhotosListTaskTests.debug.xcconfig */ = {isa = PBXFileReference; includeInIndex = 1; lastKnownFileType = text.xcconfig; name = "Pods-PhotosListTaskTests.debug.xcconfig"; path = "Target Support Files/Pods-PhotosListTaskTests/Pods-PhotosListTaskTests.debug.xcconfig"; sourceTree = "<group>"; };
		82BE2DB9CEFEC150D1C2328B /* Pods-PhotosListTask.debug.xcconfig */ = {isa = PBXFileReference; includeInIndex = 1; lastKnownFileType = text.xcconfig; name = "Pods-PhotosListTask.debug.xcconfig"; path = "Target Support Files/Pods-PhotosListTask/Pods-PhotosListTask.debug.xcconfig"; sourceTree = "<group>"; };
		856A691A28D8C3778BE67023 /* Pods-PhotosListTask-PhotosListTaskUITests.release.xcconfig */ = {isa = PBXFileReference; includeInIndex = 1; lastKnownFileType = text.xcconfig; name = "Pods-PhotosListTask-PhotosListTaskUITests.release.xcconfig"; path = "Target Support Files/Pods-PhotosListTask-PhotosListTaskUITests/Pods-PhotosListTask-PhotosListTaskUITests.release.xcconfig"; sourceTree = "<group>"; };
		858F3F932783C32D00142F01 /* UIImage.swift */ = {isa = PBXFileReference; lastKnownFileType = sourcecode.swift; path = UIImage.swift; sourceTree = "<group>"; };
		858F943D2780C6E000D2D3B1 /* PhotosListTask.app */ = {isa = PBXFileReference; explicitFileType = wrapper.application; includeInIndex = 0; path = PhotosListTask.app; sourceTree = BUILT_PRODUCTS_DIR; };
		858F94402780C6E000D2D3B1 /* AppDelegate.swift */ = {isa = PBXFileReference; lastKnownFileType = sourcecode.swift; path = AppDelegate.swift; sourceTree = "<group>"; };
		858F94422780C6E000D2D3B1 /* SceneDelegate.swift */ = {isa = PBXFileReference; lastKnownFileType = sourcecode.swift; path = SceneDelegate.swift; sourceTree = "<group>"; };
		858F944C2780C6E200D2D3B1 /* Assets.xcassets */ = {isa = PBXFileReference; lastKnownFileType = folder.assetcatalog; path = Assets.xcassets; sourceTree = "<group>"; };
		858F944F2780C6E200D2D3B1 /* Base */ = {isa = PBXFileReference; lastKnownFileType = file.storyboard; name = Base; path = Base.lproj/LaunchScreen.storyboard; sourceTree = "<group>"; };
		858F94512780C6E200D2D3B1 /* Info.plist */ = {isa = PBXFileReference; lastKnownFileType = text.plist.xml; path = Info.plist; sourceTree = "<group>"; };
		858F94562780C6E200D2D3B1 /* PhotosListTaskTests.xctest */ = {isa = PBXFileReference; explicitFileType = wrapper.cfbundle; includeInIndex = 0; path = PhotosListTaskTests.xctest; sourceTree = BUILT_PRODUCTS_DIR; };
		858F945A2780C6E200D2D3B1 /* PhotosListTaskTests.swift */ = {isa = PBXFileReference; lastKnownFileType = sourcecode.swift; path = PhotosListTaskTests.swift; sourceTree = "<group>"; };
		858F94602780C6E200D2D3B1 /* PhotosListTaskUITests.xctest */ = {isa = PBXFileReference; explicitFileType = wrapper.cfbundle; includeInIndex = 0; path = PhotosListTaskUITests.xctest; sourceTree = BUILT_PRODUCTS_DIR; };
		858F94642780C6E200D2D3B1 /* PhotosListTaskUITests.swift */ = {isa = PBXFileReference; lastKnownFileType = sourcecode.swift; path = PhotosListTaskUITests.swift; sourceTree = "<group>"; };
		858F94662780C6E200D2D3B1 /* PhotosListTaskUITestsLaunchTests.swift */ = {isa = PBXFileReference; lastKnownFileType = sourcecode.swift; path = PhotosListTaskUITestsLaunchTests.swift; sourceTree = "<group>"; };
		858F94742780C8BA00D2D3B1 /* AppConfiguration.swift */ = {isa = PBXFileReference; lastKnownFileType = sourcecode.swift; path = AppConfiguration.swift; sourceTree = "<group>"; };
		858F94792780CA6800D2D3B1 /* Observable.swift */ = {isa = PBXFileReference; lastKnownFileType = sourcecode.swift; path = Observable.swift; sourceTree = "<group>"; };
		858F947C2780CAB600D2D3B1 /* NetworkConnectionManager.swift */ = {isa = PBXFileReference; lastKnownFileType = sourcecode.swift; path = NetworkConnectionManager.swift; sourceTree = "<group>"; };
		858F94822780CB5900D2D3B1 /* BaseViewController.swift */ = {isa = PBXFileReference; lastKnownFileType = sourcecode.swift; path = BaseViewController.swift; sourceTree = "<group>"; };
		858F94842780CB6200D2D3B1 /* BaseViewModel.swift */ = {isa = PBXFileReference; lastKnownFileType = sourcecode.swift; path = BaseViewModel.swift; sourceTree = "<group>"; };
		858F94862780CB8600D2D3B1 /* BaseNavigationController.swift */ = {isa = PBXFileReference; lastKnownFileType = sourcecode.swift; path = BaseNavigationController.swift; sourceTree = "<group>"; };
		858F94882780CD0600D2D3B1 /* NavigationManager.swift */ = {isa = PBXFileReference; lastKnownFileType = sourcecode.swift; path = NavigationManager.swift; sourceTree = "<group>"; };
		858F948B2780CD8D00D2D3B1 /* UIViewController.swift */ = {isa = PBXFileReference; lastKnownFileType = sourcecode.swift; path = UIViewController.swift; sourceTree = "<group>"; };
		858F948E2780CDD900D2D3B1 /* Storyboarded.swift */ = {isa = PBXFileReference; lastKnownFileType = sourcecode.swift; path = Storyboarded.swift; sourceTree = "<group>"; };
		858F94902780CDFA00D2D3B1 /* Alertable.swift */ = {isa = PBXFileReference; lastKnownFileType = sourcecode.swift; path = Alertable.swift; sourceTree = "<group>"; };
		858F94932780CE5D00D2D3B1 /* Constants.swift */ = {isa = PBXFileReference; lastKnownFileType = sourcecode.swift; path = Constants.swift; sourceTree = "<group>"; };
		858F94952780CE7500D2D3B1 /* Dimensions.swift */ = {isa = PBXFileReference; lastKnownFileType = sourcecode.swift; path = Dimensions.swift; sourceTree = "<group>"; };
		858F94972780CE9600D2D3B1 /* Colors.swift */ = {isa = PBXFileReference; lastKnownFileType = sourcecode.swift; path = Colors.swift; sourceTree = "<group>"; };
		858F94992780CEA900D2D3B1 /* Images.swift */ = {isa = PBXFileReference; lastKnownFileType = sourcecode.swift; path = Images.swift; sourceTree = "<group>"; };
		858F949D2780CEFB00D2D3B1 /* NetworkConstants.swift */ = {isa = PBXFileReference; lastKnownFileType = sourcecode.swift; path = NetworkConstants.swift; sourceTree = "<group>"; };
		858F94A02780CF2700D2D3B1 /* BaseAPI.swift */ = {isa = PBXFileReference; lastKnownFileType = sourcecode.swift; path = BaseAPI.swift; sourceTree = "<group>"; };
		858F94A32780CF7F00D2D3B1 /* BaseRouter.swift */ = {isa = PBXFileReference; lastKnownFileType = sourcecode.swift; path = BaseRouter.swift; sourceTree = "<group>"; };
		858F94AB2780D62000D2D3B1 /* PhotosList.storyboard */ = {isa = PBXFileReference; lastKnownFileType = file.storyboard; path = PhotosList.storyboard; sourceTree = "<group>"; };
		858F94AD2780D62B00D2D3B1 /* PhotosListViewController.swift */ = {isa = PBXFileReference; lastKnownFileType = sourcecode.swift; path = PhotosListViewController.swift; sourceTree = "<group>"; };
		858F94B02780D64500D2D3B1 /* PhotosListViewModel.swift */ = {isa = PBXFileReference; lastKnownFileType = sourcecode.swift; path = PhotosListViewModel.swift; sourceTree = "<group>"; };
		858F94B22780DA7600D2D3B1 /* PhotosListDataSource.swift */ = {isa = PBXFileReference; lastKnownFileType = sourcecode.swift; path = PhotosListDataSource.swift; sourceTree = "<group>"; };
		858F94B42780DB0700D2D3B1 /* Photo.swift */ = {isa = PBXFileReference; lastKnownFileType = sourcecode.swift; path = Photo.swift; sourceTree = "<group>"; };
		858F94BC2780DD3000D2D3B1 /* PhotoCell.swift */ = {isa = PBXFileReference; lastKnownFileType = sourcecode.swift; path = PhotoCell.swift; sourceTree = "<group>"; };
		858F94BE2780DD3D00D2D3B1 /* PhotoCell.xib */ = {isa = PBXFileReference; lastKnownFileType = file.xib; path = PhotoCell.xib; sourceTree = "<group>"; };
		858F94C42780E80D00D2D3B1 /* PhotosAPI.swift */ = {isa = PBXFileReference; lastKnownFileType = sourcecode.swift; path = PhotosAPI.swift; sourceTree = "<group>"; };
		858F94C62780E8AC00D2D3B1 /* PhotosRouter.swift */ = {isa = PBXFileReference; lastKnownFileType = sourcecode.swift; path = PhotosRouter.swift; sourceTree = "<group>"; };
		858F94C82780EAC400D2D3B1 /* BaseReponse.swift */ = {isa = PBXFileReference; lastKnownFileType = sourcecode.swift; path = BaseReponse.swift; sourceTree = "<group>"; };
		85945B99278265D200E81E30 /* SkeletonPhotoCell.swift */ = {isa = PBXFileReference; lastKnownFileType = sourcecode.swift; path = SkeletonPhotoCell.swift; sourceTree = "<group>"; };
		85945B9B278265E000E81E30 /* SkeletonPhotoCell.xib */ = {isa = PBXFileReference; lastKnownFileType = file.xib; path = SkeletonPhotoCell.xib; sourceTree = "<group>"; };
		85945B9E27826C6000E81E30 /* AdCell.xib */ = {isa = PBXFileReference; lastKnownFileType = file.xib; path = AdCell.xib; sourceTree = "<group>"; };
		85945BA027826C6900E81E30 /* AdCell.swift */ = {isa = PBXFileReference; lastKnownFileType = sourcecode.swift; path = AdCell.swift; sourceTree = "<group>"; };
		85945BA82782823700E81E30 /* PhotoDetailsViewController.swift */ = {isa = PBXFileReference; lastKnownFileType = sourcecode.swift; path = PhotoDetailsViewController.swift; sourceTree = "<group>"; };
		85945BAA2782824700E81E30 /* PhotoDetails.storyboard */ = {isa = PBXFileReference; lastKnownFileType = file.storyboard; path = PhotoDetails.storyboard; sourceTree = "<group>"; };
		85945BAC2782825800E81E30 /* PhotoDetailsViewModel.swift */ = {isa = PBXFileReference; lastKnownFileType = sourcecode.swift; path = PhotoDetailsViewModel.swift; sourceTree = "<group>"; };
		EA44035AB8C601E28C239787 /* Pods_PhotosListTaskTests.framework */ = {isa = PBXFileReference; explicitFileType = wrapper.framework; includeInIndex = 0; path = Pods_PhotosListTaskTests.framework; sourceTree = BUILT_PRODUCTS_DIR; };
		ECB1712681F3B30F40E919C5 /* Pods-PhotosListTaskTests.release.xcconfig */ = {isa = PBXFileReference; includeInIndex = 1; lastKnownFileType = text.xcconfig; name = "Pods-PhotosListTaskTests.release.xcconfig"; path = "Target Support Files/Pods-PhotosListTaskTests/Pods-PhotosListTaskTests.release.xcconfig"; sourceTree = "<group>"; };
		EEFE3E03B323B49C3BF0EA3F /* Pods_PhotosListTask_PhotosListTaskUITests.framework */ = {isa = PBXFileReference; explicitFileType = wrapper.framework; includeInIndex = 0; path = Pods_PhotosListTask_PhotosListTaskUITests.framework; sourceTree = BUILT_PRODUCTS_DIR; };
/* End PBXFileReference section */

/* Begin PBXFrameworksBuildPhase section */
		858F943A2780C6E000D2D3B1 /* Frameworks */ = {
			isa = PBXFrameworksBuildPhase;
			buildActionMask = 2147483647;
			files = (
				29BF0E2409CFFF1744937695 /* Pods_PhotosListTask.framework in Frameworks */,
			);
			runOnlyForDeploymentPostprocessing = 0;
		};
		858F94532780C6E200D2D3B1 /* Frameworks */ = {
			isa = PBXFrameworksBuildPhase;
			buildActionMask = 2147483647;
			files = (
				0EB6A5C259D339DFB9728E51 /* Pods_PhotosListTaskTests.framework in Frameworks */,
			);
			runOnlyForDeploymentPostprocessing = 0;
		};
		858F945D2780C6E200D2D3B1 /* Frameworks */ = {
			isa = PBXFrameworksBuildPhase;
			buildActionMask = 2147483647;
			files = (
				366C125719ABBFFDC374D6A7 /* Pods_PhotosListTask_PhotosListTaskUITests.framework in Frameworks */,
			);
			runOnlyForDeploymentPostprocessing = 0;
		};
/* End PBXFrameworksBuildPhase section */

/* Begin PBXGroup section */
		70D5B66730F23697189411C5 /* Frameworks */ = {
			isa = PBXGroup;
			children = (
				0EE5D46C169163A063AA89F2 /* Pods_PhotosListTask.framework */,
				EEFE3E03B323B49C3BF0EA3F /* Pods_PhotosListTask_PhotosListTaskUITests.framework */,
				EA44035AB8C601E28C239787 /* Pods_PhotosListTaskTests.framework */,
			);
			name = Frameworks;
			sourceTree = "<group>";
		};
		80510623E609DC800937C85A /* Pods */ = {
			isa = PBXGroup;
			children = (
				82BE2DB9CEFEC150D1C2328B /* Pods-PhotosListTask.debug.xcconfig */,
				1446D448FE84C4612277AD0F /* Pods-PhotosListTask.release.xcconfig */,
				3DE989079144182037F2090E /* Pods-PhotosListTask-PhotosListTaskUITests.debug.xcconfig */,
				856A691A28D8C3778BE67023 /* Pods-PhotosListTask-PhotosListTaskUITests.release.xcconfig */,
				548BCC1D99045BD530F7C42A /* Pods-PhotosListTaskTests.debug.xcconfig */,
				ECB1712681F3B30F40E919C5 /* Pods-PhotosListTaskTests.release.xcconfig */,
			);
			path = Pods;
			sourceTree = "<group>";
		};
		858F3F952783C90E00142F01 /* Splash */ = {
			isa = PBXGroup;
			children = (
				858F944E2780C6E200D2D3B1 /* LaunchScreen.storyboard */,
			);
			path = Splash;
			sourceTree = "<group>";
		};
		858F94342780C6E000D2D3B1 = {
			isa = PBXGroup;
			children = (
				858F943F2780C6E000D2D3B1 /* PhotosListTask */,
				858F94592780C6E200D2D3B1 /* PhotosListTaskTests */,
				858F94632780C6E200D2D3B1 /* PhotosListTaskUITests */,
				858F943E2780C6E000D2D3B1 /* Products */,
				80510623E609DC800937C85A /* Pods */,
				70D5B66730F23697189411C5 /* Frameworks */,
			);
			sourceTree = "<group>";
		};
		858F943E2780C6E000D2D3B1 /* Products */ = {
			isa = PBXGroup;
			children = (
				858F943D2780C6E000D2D3B1 /* PhotosListTask.app */,
				858F94562780C6E200D2D3B1 /* PhotosListTaskTests.xctest */,
				858F94602780C6E200D2D3B1 /* PhotosListTaskUITests.xctest */,
			);
			name = Products;
			sourceTree = "<group>";
		};
		858F943F2780C6E000D2D3B1 /* PhotosListTask */ = {
			isa = PBXGroup;
			children = (
				858F949C2780CEE000D2D3B1 /* NetworkLayer */,
				858F949B2780CEDB00D2D3B1 /* Models */,
				858F94802780CB3700D2D3B1 /* Modules */,
				858F94782780C97500D2D3B1 /* Resources */,
				858F94762780C90E00D2D3B1 /* Globals */,
				858F94732780C89200D2D3B1 /* Application */,
			);
			path = PhotosListTask;
			sourceTree = "<group>";
		};
		858F94592780C6E200D2D3B1 /* PhotosListTaskTests */ = {
			isa = PBXGroup;
			children = (
				858F945A2780C6E200D2D3B1 /* PhotosListTaskTests.swift */,
			);
			path = PhotosListTaskTests;
			sourceTree = "<group>";
		};
		858F94632780C6E200D2D3B1 /* PhotosListTaskUITests */ = {
			isa = PBXGroup;
			children = (
				858F94642780C6E200D2D3B1 /* PhotosListTaskUITests.swift */,
				858F94662780C6E200D2D3B1 /* PhotosListTaskUITestsLaunchTests.swift */,
			);
			path = PhotosListTaskUITests;
			sourceTree = "<group>";
		};
		858F94732780C89200D2D3B1 /* Application */ = {
			isa = PBXGroup;
			children = (
				858F94402780C6E000D2D3B1 /* AppDelegate.swift */,
				858F94422780C6E000D2D3B1 /* SceneDelegate.swift */,
				858F94742780C8BA00D2D3B1 /* AppConfiguration.swift */,
			);
			path = Application;
			sourceTree = "<group>";
		};
		858F94762780C90E00D2D3B1 /* Globals */ = {
			isa = PBXGroup;
			children = (
				858F94922780CE5200D2D3B1 /* Constants */,
				858F948D2780CDC800D2D3B1 /* Protocols */,
				858F948A2780CD7E00D2D3B1 /* Extensions */,
				858F947B2780CA9C00D2D3B1 /* Managers */,
			);
			path = Globals;
			sourceTree = "<group>";
		};
		858F94782780C97500D2D3B1 /* Resources */ = {
			isa = PBXGroup;
			children = (
				858F944C2780C6E200D2D3B1 /* Assets.xcassets */,
				858F94512780C6E200D2D3B1 /* Info.plist */,
			);
			path = Resources;
			sourceTree = "<group>";
		};
		858F947B2780CA9C00D2D3B1 /* Managers */ = {
			isa = PBXGroup;
			children = (
				858F94792780CA6800D2D3B1 /* Observable.swift */,
				858F947C2780CAB600D2D3B1 /* NetworkConnectionManager.swift */,
				858F94882780CD0600D2D3B1 /* NavigationManager.swift */,
			);
			path = Managers;
			sourceTree = "<group>";
		};
		858F94802780CB3700D2D3B1 /* Modules */ = {
			isa = PBXGroup;
			children = (
				858F3F952783C90E00142F01 /* Splash */,
				85945BA52782820E00E81E30 /* PhotoDetails */,
				858F94A92780D60000D2D3B1 /* PhotosList */,
				858F94812780CB4600D2D3B1 /* Base */,
			);
			path = Modules;
			sourceTree = "<group>";
		};
		858F94812780CB4600D2D3B1 /* Base */ = {
			isa = PBXGroup;
			children = (
				858F94822780CB5900D2D3B1 /* BaseViewController.swift */,
				858F94842780CB6200D2D3B1 /* BaseViewModel.swift */,
				858F94862780CB8600D2D3B1 /* BaseNavigationController.swift */,
			);
			path = Base;
			sourceTree = "<group>";
		};
		858F948A2780CD7E00D2D3B1 /* Extensions */ = {
			isa = PBXGroup;
			children = (
				858F948B2780CD8D00D2D3B1 /* UIViewController.swift */,
				858F3F932783C32D00142F01 /* UIImage.swift */,
			);
			path = Extensions;
			sourceTree = "<group>";
		};
		858F948D2780CDC800D2D3B1 /* Protocols */ = {
			isa = PBXGroup;
			children = (
				858F948E2780CDD900D2D3B1 /* Storyboarded.swift */,
				858F94902780CDFA00D2D3B1 /* Alertable.swift */,
			);
			path = Protocols;
			sourceTree = "<group>";
		};
		858F94922780CE5200D2D3B1 /* Constants */ = {
			isa = PBXGroup;
			children = (
				858F94932780CE5D00D2D3B1 /* Constants.swift */,
				858F94952780CE7500D2D3B1 /* Dimensions.swift */,
				858F94972780CE9600D2D3B1 /* Colors.swift */,
				858F94992780CEA900D2D3B1 /* Images.swift */,
			);
			path = Constants;
			sourceTree = "<group>";
		};
		858F949B2780CEDB00D2D3B1 /* Models */ = {
			isa = PBXGroup;
			children = (
				858F94B42780DB0700D2D3B1 /* Photo.swift */,
				858F94C82780EAC400D2D3B1 /* BaseReponse.swift */,
			);
			path = Models;
			sourceTree = "<group>";
		};
		858F949C2780CEE000D2D3B1 /* NetworkLayer */ = {
			isa = PBXGroup;
			children = (
				858F94A22780CF7300D2D3B1 /* Router */,
				858F949F2780CF1600D2D3B1 /* API */,
				858F949D2780CEFB00D2D3B1 /* NetworkConstants.swift */,
			);
			path = NetworkLayer;
			sourceTree = "<group>";
		};
		858F949F2780CF1600D2D3B1 /* API */ = {
			isa = PBXGroup;
			children = (
				858F94A02780CF2700D2D3B1 /* BaseAPI.swift */,
				858F94C42780E80D00D2D3B1 /* PhotosAPI.swift */,
			);
			path = API;
			sourceTree = "<group>";
		};
		858F94A22780CF7300D2D3B1 /* Router */ = {
			isa = PBXGroup;
			children = (
				858F94A32780CF7F00D2D3B1 /* BaseRouter.swift */,
				858F94C62780E8AC00D2D3B1 /* PhotosRouter.swift */,
			);
			path = Router;
			sourceTree = "<group>";
		};
		858F94A92780D60000D2D3B1 /* PhotosList */ = {
			isa = PBXGroup;
			children = (
				858F94AF2780D63100D2D3B1 /* ViewModel */,
				858F94AA2780D61000D2D3B1 /* View */,
			);
			path = PhotosList;
			sourceTree = "<group>";
		};
		858F94AA2780D61000D2D3B1 /* View */ = {
			isa = PBXGroup;
			children = (
				858F94BA2780DCF800D2D3B1 /* Cells */,
				858F94AB2780D62000D2D3B1 /* PhotosList.storyboard */,
				858F94AD2780D62B00D2D3B1 /* PhotosListViewController.swift */,
				858F94B22780DA7600D2D3B1 /* PhotosListDataSource.swift */,
			);
			path = View;
			sourceTree = "<group>";
		};
		858F94AF2780D63100D2D3B1 /* ViewModel */ = {
			isa = PBXGroup;
			children = (
				858F94B02780D64500D2D3B1 /* PhotosListViewModel.swift */,
			);
			path = ViewModel;
			sourceTree = "<group>";
		};
		858F94BA2780DCF800D2D3B1 /* Cells */ = {
			isa = PBXGroup;
			children = (
				85945B9D27826C5300E81E30 /* AdCell */,
				85945B98278265BF00E81E30 /* SkeletonPhotoCell */,
				858F94BB2780DD0900D2D3B1 /* PhotoCell */,
			);
			path = Cells;
			sourceTree = "<group>";
		};
		858F94BB2780DD0900D2D3B1 /* PhotoCell */ = {
			isa = PBXGroup;
			children = (
				858F94BC2780DD3000D2D3B1 /* PhotoCell.swift */,
				858F94BE2780DD3D00D2D3B1 /* PhotoCell.xib */,
			);
			path = PhotoCell;
			sourceTree = "<group>";
		};
		85945B98278265BF00E81E30 /* SkeletonPhotoCell */ = {
			isa = PBXGroup;
			children = (
				85945B99278265D200E81E30 /* SkeletonPhotoCell.swift */,
				85945B9B278265E000E81E30 /* SkeletonPhotoCell.xib */,
			);
			path = SkeletonPhotoCell;
			sourceTree = "<group>";
		};
		85945B9D27826C5300E81E30 /* AdCell */ = {
			isa = PBXGroup;
			children = (
				85945B9E27826C6000E81E30 /* AdCell.xib */,
				85945BA027826C6900E81E30 /* AdCell.swift */,
			);
			path = AdCell;
			sourceTree = "<group>";
		};
		85945BA52782820E00E81E30 /* PhotoDetails */ = {
			isa = PBXGroup;
			children = (
				85945BA72782821D00E81E30 /* ViewModel */,
				85945BA62782821700E81E30 /* View */,
			);
			path = PhotoDetails;
			sourceTree = "<group>";
		};
		85945BA62782821700E81E30 /* View */ = {
			isa = PBXGroup;
			children = (
				85945BA82782823700E81E30 /* PhotoDetailsViewController.swift */,
				85945BAA2782824700E81E30 /* PhotoDetails.storyboard */,
			);
			path = View;
			sourceTree = "<group>";
		};
		85945BA72782821D00E81E30 /* ViewModel */ = {
			isa = PBXGroup;
			children = (
				85945BAC2782825800E81E30 /* PhotoDetailsViewModel.swift */,
			);
			path = ViewModel;
			sourceTree = "<group>";
		};
/* End PBXGroup section */

/* Begin PBXNativeTarget section */
		858F943C2780C6E000D2D3B1 /* PhotosListTask */ = {
			isa = PBXNativeTarget;
			buildConfigurationList = 858F946A2780C6E200D2D3B1 /* Build configuration list for PBXNativeTarget "PhotosListTask" */;
			buildPhases = (
				5FCBEF610A8C76D2E40A02CD /* [CP] Check Pods Manifest.lock */,
				858F94392780C6E000D2D3B1 /* Sources */,
				858F943A2780C6E000D2D3B1 /* Frameworks */,
				858F943B2780C6E000D2D3B1 /* Resources */,
				83C11D727BE012B592D1A626 /* [CP] Embed Pods Frameworks */,
			);
			buildRules = (
			);
			dependencies = (
			);
			name = PhotosListTask;
			productName = PhotosListTask;
			productReference = 858F943D2780C6E000D2D3B1 /* PhotosListTask.app */;
			productType = "com.apple.product-type.application";
		};
		858F94552780C6E200D2D3B1 /* PhotosListTaskTests */ = {
			isa = PBXNativeTarget;
			buildConfigurationList = 858F946D2780C6E200D2D3B1 /* Build configuration list for PBXNativeTarget "PhotosListTaskTests" */;
			buildPhases = (
				BC84772CC76EF68A2D665C11 /* [CP] Check Pods Manifest.lock */,
				858F94522780C6E200D2D3B1 /* Sources */,
				858F94532780C6E200D2D3B1 /* Frameworks */,
				858F94542780C6E200D2D3B1 /* Resources */,
			);
			buildRules = (
			);
			dependencies = (
				858F94582780C6E200D2D3B1 /* PBXTargetDependency */,
			);
			name = PhotosListTaskTests;
			productName = PhotosListTaskTests;
			productReference = 858F94562780C6E200D2D3B1 /* PhotosListTaskTests.xctest */;
			productType = "com.apple.product-type.bundle.unit-test";
		};
		858F945F2780C6E200D2D3B1 /* PhotosListTaskUITests */ = {
			isa = PBXNativeTarget;
			buildConfigurationList = 858F94702780C6E200D2D3B1 /* Build configuration list for PBXNativeTarget "PhotosListTaskUITests" */;
			buildPhases = (
				F70ACA61CA0B04E67D84331D /* [CP] Check Pods Manifest.lock */,
				858F945C2780C6E200D2D3B1 /* Sources */,
				858F945D2780C6E200D2D3B1 /* Frameworks */,
				858F945E2780C6E200D2D3B1 /* Resources */,
				934768521299D85151EC3868 /* [CP] Embed Pods Frameworks */,
			);
			buildRules = (
			);
			dependencies = (
				858F94622780C6E200D2D3B1 /* PBXTargetDependency */,
			);
			name = PhotosListTaskUITests;
			productName = PhotosListTaskUITests;
			productReference = 858F94602780C6E200D2D3B1 /* PhotosListTaskUITests.xctest */;
			productType = "com.apple.product-type.bundle.ui-testing";
		};
/* End PBXNativeTarget section */

/* Begin PBXProject section */
		858F94352780C6E000D2D3B1 /* Project object */ = {
			isa = PBXProject;
			attributes = {
				BuildIndependentTargetsInParallel = 1;
				LastSwiftUpdateCheck = 1310;
				LastUpgradeCheck = 1310;
				TargetAttributes = {
					858F943C2780C6E000D2D3B1 = {
						CreatedOnToolsVersion = 13.1;
					};
					858F94552780C6E200D2D3B1 = {
						CreatedOnToolsVersion = 13.1;
						TestTargetID = 858F943C2780C6E000D2D3B1;
					};
					858F945F2780C6E200D2D3B1 = {
						CreatedOnToolsVersion = 13.1;
						TestTargetID = 858F943C2780C6E000D2D3B1;
					};
				};
			};
			buildConfigurationList = 858F94382780C6E000D2D3B1 /* Build configuration list for PBXProject "PhotosListTask" */;
			compatibilityVersion = "Xcode 13.0";
			developmentRegion = en;
			hasScannedForEncodings = 0;
			knownRegions = (
				en,
				Base,
			);
			mainGroup = 858F94342780C6E000D2D3B1;
			productRefGroup = 858F943E2780C6E000D2D3B1 /* Products */;
			projectDirPath = "";
			projectRoot = "";
			targets = (
				858F943C2780C6E000D2D3B1 /* PhotosListTask */,
				858F94552780C6E200D2D3B1 /* PhotosListTaskTests */,
				858F945F2780C6E200D2D3B1 /* PhotosListTaskUITests */,
			);
		};
/* End PBXProject section */

/* Begin PBXResourcesBuildPhase section */
		858F943B2780C6E000D2D3B1 /* Resources */ = {
			isa = PBXResourcesBuildPhase;
			buildActionMask = 2147483647;
			files = (
				858F94502780C6E200D2D3B1 /* LaunchScreen.storyboard in Resources */,
				85945B9C278265E000E81E30 /* SkeletonPhotoCell.xib in Resources */,
				858F94AC2780D62000D2D3B1 /* PhotosList.storyboard in Resources */,
				858F944D2780C6E200D2D3B1 /* Assets.xcassets in Resources */,
				85945B9F27826C6000E81E30 /* AdCell.xib in Resources */,
				85945BAB2782824800E81E30 /* PhotoDetails.storyboard in Resources */,
				858F94BF2780DD3D00D2D3B1 /* PhotoCell.xib in Resources */,
			);
			runOnlyForDeploymentPostprocessing = 0;
		};
		858F94542780C6E200D2D3B1 /* Resources */ = {
			isa = PBXResourcesBuildPhase;
			buildActionMask = 2147483647;
			files = (
			);
			runOnlyForDeploymentPostprocessing = 0;
		};
		858F945E2780C6E200D2D3B1 /* Resources */ = {
			isa = PBXResourcesBuildPhase;
			buildActionMask = 2147483647;
			files = (
			);
			runOnlyForDeploymentPostprocessing = 0;
		};
/* End PBXResourcesBuildPhase section */

/* Begin PBXShellScriptBuildPhase section */
		5FCBEF610A8C76D2E40A02CD /* [CP] Check Pods Manifest.lock */ = {
			isa = PBXShellScriptBuildPhase;
			buildActionMask = 2147483647;
			files = (
			);
			inputFileListPaths = (
			);
			inputPaths = (
				"${PODS_PODFILE_DIR_PATH}/Podfile.lock",
				"${PODS_ROOT}/Manifest.lock",
			);
			name = "[CP] Check Pods Manifest.lock";
			outputFileListPaths = (
			);
			outputPaths = (
				"$(DERIVED_FILE_DIR)/Pods-PhotosListTask-checkManifestLockResult.txt",
			);
			runOnlyForDeploymentPostprocessing = 0;
			shellPath = /bin/sh;
			shellScript = "diff \"${PODS_PODFILE_DIR_PATH}/Podfile.lock\" \"${PODS_ROOT}/Manifest.lock\" > /dev/null\nif [ $? != 0 ] ; then\n    # print error to STDERR\n    echo \"error: The sandbox is not in sync with the Podfile.lock. Run 'pod install' or update your CocoaPods installation.\" >&2\n    exit 1\nfi\n# This output is used by Xcode 'outputs' to avoid re-running this script phase.\necho \"SUCCESS\" > \"${SCRIPT_OUTPUT_FILE_0}\"\n";
			showEnvVarsInLog = 0;
		};
		83C11D727BE012B592D1A626 /* [CP] Embed Pods Frameworks */ = {
			isa = PBXShellScriptBuildPhase;
			buildActionMask = 2147483647;
			files = (
			);
			inputFileListPaths = (
				"${PODS_ROOT}/Target Support Files/Pods-PhotosListTask/Pods-PhotosListTask-frameworks-${CONFIGURATION}-input-files.xcfilelist",
			);
			name = "[CP] Embed Pods Frameworks";
			outputFileListPaths = (
				"${PODS_ROOT}/Target Support Files/Pods-PhotosListTask/Pods-PhotosListTask-frameworks-${CONFIGURATION}-output-files.xcfilelist",
			);
			runOnlyForDeploymentPostprocessing = 0;
			shellPath = /bin/sh;
			shellScript = "\"${PODS_ROOT}/Target Support Files/Pods-PhotosListTask/Pods-PhotosListTask-frameworks.sh\"\n";
			showEnvVarsInLog = 0;
		};
		934768521299D85151EC3868 /* [CP] Embed Pods Frameworks */ = {
			isa = PBXShellScriptBuildPhase;
			buildActionMask = 2147483647;
			files = (
			);
			inputFileListPaths = (
				"${PODS_ROOT}/Target Support Files/Pods-PhotosListTask-PhotosListTaskUITests/Pods-PhotosListTask-PhotosListTaskUITests-frameworks-${CONFIGURATION}-input-files.xcfilelist",
			);
			name = "[CP] Embed Pods Frameworks";
			outputFileListPaths = (
				"${PODS_ROOT}/Target Support Files/Pods-PhotosListTask-PhotosListTaskUITests/Pods-PhotosListTask-PhotosListTaskUITests-frameworks-${CONFIGURATION}-output-files.xcfilelist",
			);
			runOnlyForDeploymentPostprocessing = 0;
			shellPath = /bin/sh;
			shellScript = "\"${PODS_ROOT}/Target Support Files/Pods-PhotosListTask-PhotosListTaskUITests/Pods-PhotosListTask-PhotosListTaskUITests-frameworks.sh\"\n";
			showEnvVarsInLog = 0;
		};
		BC84772CC76EF68A2D665C11 /* [CP] Check Pods Manifest.lock */ = {
			isa = PBXShellScriptBuildPhase;
			buildActionMask = 2147483647;
			files = (
			);
			inputFileListPaths = (
			);
			inputPaths = (
				"${PODS_PODFILE_DIR_PATH}/Podfile.lock",
				"${PODS_ROOT}/Manifest.lock",
			);
			name = "[CP] Check Pods Manifest.lock";
			outputFileListPaths = (
			);
			outputPaths = (
				"$(DERIVED_FILE_DIR)/Pods-PhotosListTaskTests-checkManifestLockResult.txt",
			);
			runOnlyForDeploymentPostprocessing = 0;
			shellPath = /bin/sh;
			shellScript = "diff \"${PODS_PODFILE_DIR_PATH}/Podfile.lock\" \"${PODS_ROOT}/Manifest.lock\" > /dev/null\nif [ $? != 0 ] ; then\n    # print error to STDERR\n    echo \"error: The sandbox is not in sync with the Podfile.lock. Run 'pod install' or update your CocoaPods installation.\" >&2\n    exit 1\nfi\n# This output is used by Xcode 'outputs' to avoid re-running this script phase.\necho \"SUCCESS\" > \"${SCRIPT_OUTPUT_FILE_0}\"\n";
			showEnvVarsInLog = 0;
		};
		F70ACA61CA0B04E67D84331D /* [CP] Check Pods Manifest.lock */ = {
			isa = PBXShellScriptBuildPhase;
			buildActionMask = 2147483647;
			files = (
			);
			inputFileListPaths = (
			);
			inputPaths = (
				"${PODS_PODFILE_DIR_PATH}/Podfile.lock",
				"${PODS_ROOT}/Manifest.lock",
			);
			name = "[CP] Check Pods Manifest.lock";
			outputFileListPaths = (
			);
			outputPaths = (
				"$(DERIVED_FILE_DIR)/Pods-PhotosListTask-PhotosListTaskUITests-checkManifestLockResult.txt",
			);
			runOnlyForDeploymentPostprocessing = 0;
			shellPath = /bin/sh;
			shellScript = "diff \"${PODS_PODFILE_DIR_PATH}/Podfile.lock\" \"${PODS_ROOT}/Manifest.lock\" > /dev/null\nif [ $? != 0 ] ; then\n    # print error to STDERR\n    echo \"error: The sandbox is not in sync with the Podfile.lock. Run 'pod install' or update your CocoaPods installation.\" >&2\n    exit 1\nfi\n# This output is used by Xcode 'outputs' to avoid re-running this script phase.\necho \"SUCCESS\" > \"${SCRIPT_OUTPUT_FILE_0}\"\n";
			showEnvVarsInLog = 0;
		};
/* End PBXShellScriptBuildPhase section */

/* Begin PBXSourcesBuildPhase section */
		858F94392780C6E000D2D3B1 /* Sources */ = {
			isa = PBXSourcesBuildPhase;
			buildActionMask = 2147483647;
			files = (
				858F94892780CD0600D2D3B1 /* NavigationManager.swift in Sources */,
				858F94B32780DA7600D2D3B1 /* PhotosListDataSource.swift in Sources */,
				85945B9A278265D200E81E30 /* SkeletonPhotoCell.swift in Sources */,
				858F948C2780CD8D00D2D3B1 /* UIViewController.swift in Sources */,
				858F3F942783C32D00142F01 /* UIImage.swift in Sources */,
				858F94C52780E80D00D2D3B1 /* PhotosAPI.swift in Sources */,
				858F94982780CE9600D2D3B1 /* Colors.swift in Sources */,
				858F94752780C8BA00D2D3B1 /* AppConfiguration.swift in Sources */,
				858F94BD2780DD3000D2D3B1 /* PhotoCell.swift in Sources */,
				858F94962780CE7500D2D3B1 /* Dimensions.swift in Sources */,
				858F94412780C6E000D2D3B1 /* AppDelegate.swift in Sources */,
				858F94942780CE5D00D2D3B1 /* Constants.swift in Sources */,
				858F94B52780DB0700D2D3B1 /* Photo.swift in Sources */,
				858F948F2780CDD900D2D3B1 /* Storyboarded.swift in Sources */,
				858F94A12780CF2700D2D3B1 /* BaseAPI.swift in Sources */,
				858F947D2780CAB600D2D3B1 /* NetworkConnectionManager.swift in Sources */,
				858F94C72780E8AC00D2D3B1 /* PhotosRouter.swift in Sources */,
				858F949E2780CEFB00D2D3B1 /* NetworkConstants.swift in Sources */,
				858F94432780C6E000D2D3B1 /* SceneDelegate.swift in Sources */,
				85945BAD2782825800E81E30 /* PhotoDetailsViewModel.swift in Sources */,
				858F94912780CDFA00D2D3B1 /* Alertable.swift in Sources */,
				858F94852780CB6200D2D3B1 /* BaseViewModel.swift in Sources */,
				858F94B12780D64500D2D3B1 /* PhotosListViewModel.swift in Sources */,
				858F94AE2780D62B00D2D3B1 /* PhotosListViewController.swift in Sources */,
				858F949A2780CEA900D2D3B1 /* Images.swift in Sources */,
				858F94A42780CF7F00D2D3B1 /* BaseRouter.swift in Sources */,
				85945BA92782823800E81E30 /* PhotoDetailsViewController.swift in Sources */,
				858F94832780CB5900D2D3B1 /* BaseViewController.swift in Sources */,
				858F947A2780CA6800D2D3B1 /* Observable.swift in Sources */,
				858F94C92780EAC400D2D3B1 /* BaseReponse.swift in Sources */,
				858F94872780CB8600D2D3B1 /* BaseNavigationController.swift in Sources */,
				85945BA127826C6900E81E30 /* AdCell.swift in Sources */,
			);
			runOnlyForDeploymentPostprocessing = 0;
		};
		858F94522780C6E200D2D3B1 /* Sources */ = {
			isa = PBXSourcesBuildPhase;
			buildActionMask = 2147483647;
			files = (
				858F945B2780C6E200D2D3B1 /* PhotosListTaskTests.swift in Sources */,
			);
			runOnlyForDeploymentPostprocessing = 0;
		};
		858F945C2780C6E200D2D3B1 /* Sources */ = {
			isa = PBXSourcesBuildPhase;
			buildActionMask = 2147483647;
			files = (
				858F94672780C6E200D2D3B1 /* PhotosListTaskUITestsLaunchTests.swift in Sources */,
				858F94652780C6E200D2D3B1 /* PhotosListTaskUITests.swift in Sources */,
			);
			runOnlyForDeploymentPostprocessing = 0;
		};
/* End PBXSourcesBuildPhase section */

/* Begin PBXTargetDependency section */
		858F94582780C6E200D2D3B1 /* PBXTargetDependency */ = {
			isa = PBXTargetDependency;
			target = 858F943C2780C6E000D2D3B1 /* PhotosListTask */;
			targetProxy = 858F94572780C6E200D2D3B1 /* PBXContainerItemProxy */;
		};
		858F94622780C6E200D2D3B1 /* PBXTargetDependency */ = {
			isa = PBXTargetDependency;
			target = 858F943C2780C6E000D2D3B1 /* PhotosListTask */;
			targetProxy = 858F94612780C6E200D2D3B1 /* PBXContainerItemProxy */;
		};
/* End PBXTargetDependency section */

/* Begin PBXVariantGroup section */
		858F944E2780C6E200D2D3B1 /* LaunchScreen.storyboard */ = {
			isa = PBXVariantGroup;
			children = (
				858F944F2780C6E200D2D3B1 /* Base */,
			);
			name = LaunchScreen.storyboard;
			sourceTree = "<group>";
		};
/* End PBXVariantGroup section */

/* Begin XCBuildConfiguration section */
		858F94682780C6E200D2D3B1 /* Debug */ = {
			isa = XCBuildConfiguration;
			buildSettings = {
				ALWAYS_SEARCH_USER_PATHS = NO;
				CLANG_ANALYZER_NONNULL = YES;
				CLANG_ANALYZER_NUMBER_OBJECT_CONVERSION = YES_AGGRESSIVE;
				CLANG_CXX_LANGUAGE_STANDARD = "gnu++17";
				CLANG_CXX_LIBRARY = "libc++";
				CLANG_ENABLE_MODULES = YES;
				CLANG_ENABLE_OBJC_ARC = YES;
				CLANG_ENABLE_OBJC_WEAK = YES;
				CLANG_WARN_BLOCK_CAPTURE_AUTORELEASING = YES;
				CLANG_WARN_BOOL_CONVERSION = YES;
				CLANG_WARN_COMMA = YES;
				CLANG_WARN_CONSTANT_CONVERSION = YES;
				CLANG_WARN_DEPRECATED_OBJC_IMPLEMENTATIONS = YES;
				CLANG_WARN_DIRECT_OBJC_ISA_USAGE = YES_ERROR;
				CLANG_WARN_DOCUMENTATION_COMMENTS = YES;
				CLANG_WARN_EMPTY_BODY = YES;
				CLANG_WARN_ENUM_CONVERSION = YES;
				CLANG_WARN_INFINITE_RECURSION = YES;
				CLANG_WARN_INT_CONVERSION = YES;
				CLANG_WARN_NON_LITERAL_NULL_CONVERSION = YES;
				CLANG_WARN_OBJC_IMPLICIT_RETAIN_SELF = YES;
				CLANG_WARN_OBJC_LITERAL_CONVERSION = YES;
				CLANG_WARN_OBJC_ROOT_CLASS = YES_ERROR;
				CLANG_WARN_QUOTED_INCLUDE_IN_FRAMEWORK_HEADER = YES;
				CLANG_WARN_RANGE_LOOP_ANALYSIS = YES;
				CLANG_WARN_STRICT_PROTOTYPES = YES;
				CLANG_WARN_SUSPICIOUS_MOVE = YES;
				CLANG_WARN_UNGUARDED_AVAILABILITY = YES_AGGRESSIVE;
				CLANG_WARN_UNREACHABLE_CODE = YES;
				CLANG_WARN__DUPLICATE_METHOD_MATCH = YES;
				COPY_PHASE_STRIP = NO;
				DEBUG_INFORMATION_FORMAT = dwarf;
				ENABLE_STRICT_OBJC_MSGSEND = YES;
				ENABLE_TESTABILITY = YES;
				GCC_C_LANGUAGE_STANDARD = gnu11;
				GCC_DYNAMIC_NO_PIC = NO;
				GCC_NO_COMMON_BLOCKS = YES;
				GCC_OPTIMIZATION_LEVEL = 0;
				GCC_PREPROCESSOR_DEFINITIONS = (
					"DEBUG=1",
					"$(inherited)",
				);
				GCC_WARN_64_TO_32_BIT_CONVERSION = YES;
				GCC_WARN_ABOUT_RETURN_TYPE = YES_ERROR;
				GCC_WARN_UNDECLARED_SELECTOR = YES;
				GCC_WARN_UNINITIALIZED_AUTOS = YES_AGGRESSIVE;
				GCC_WARN_UNUSED_FUNCTION = YES;
				GCC_WARN_UNUSED_VARIABLE = YES;
				IPHONEOS_DEPLOYMENT_TARGET = 15.0;
				MTL_ENABLE_DEBUG_INFO = INCLUDE_SOURCE;
				MTL_FAST_MATH = YES;
				ONLY_ACTIVE_ARCH = YES;
				SDKROOT = iphoneos;
				SWIFT_ACTIVE_COMPILATION_CONDITIONS = DEBUG;
				SWIFT_OPTIMIZATION_LEVEL = "-Onone";
			};
			name = Debug;
		};
		858F94692780C6E200D2D3B1 /* Release */ = {
			isa = XCBuildConfiguration;
			buildSettings = {
				ALWAYS_SEARCH_USER_PATHS = NO;
				CLANG_ANALYZER_NONNULL = YES;
				CLANG_ANALYZER_NUMBER_OBJECT_CONVERSION = YES_AGGRESSIVE;
				CLANG_CXX_LANGUAGE_STANDARD = "gnu++17";
				CLANG_CXX_LIBRARY = "libc++";
				CLANG_ENABLE_MODULES = YES;
				CLANG_ENABLE_OBJC_ARC = YES;
				CLANG_ENABLE_OBJC_WEAK = YES;
				CLANG_WARN_BLOCK_CAPTURE_AUTORELEASING = YES;
				CLANG_WARN_BOOL_CONVERSION = YES;
				CLANG_WARN_COMMA = YES;
				CLANG_WARN_CONSTANT_CONVERSION = YES;
				CLANG_WARN_DEPRECATED_OBJC_IMPLEMENTATIONS = YES;
				CLANG_WARN_DIRECT_OBJC_ISA_USAGE = YES_ERROR;
				CLANG_WARN_DOCUMENTATION_COMMENTS = YES;
				CLANG_WARN_EMPTY_BODY = YES;
				CLANG_WARN_ENUM_CONVERSION = YES;
				CLANG_WARN_INFINITE_RECURSION = YES;
				CLANG_WARN_INT_CONVERSION = YES;
				CLANG_WARN_NON_LITERAL_NULL_CONVERSION = YES;
				CLANG_WARN_OBJC_IMPLICIT_RETAIN_SELF = YES;
				CLANG_WARN_OBJC_LITERAL_CONVERSION = YES;
				CLANG_WARN_OBJC_ROOT_CLASS = YES_ERROR;
				CLANG_WARN_QUOTED_INCLUDE_IN_FRAMEWORK_HEADER = YES;
				CLANG_WARN_RANGE_LOOP_ANALYSIS = YES;
				CLANG_WARN_STRICT_PROTOTYPES = YES;
				CLANG_WARN_SUSPICIOUS_MOVE = YES;
				CLANG_WARN_UNGUARDED_AVAILABILITY = YES_AGGRESSIVE;
				CLANG_WARN_UNREACHABLE_CODE = YES;
				CLANG_WARN__DUPLICATE_METHOD_MATCH = YES;
				COPY_PHASE_STRIP = NO;
				DEBUG_INFORMATION_FORMAT = "dwarf-with-dsym";
				ENABLE_NS_ASSERTIONS = NO;
				ENABLE_STRICT_OBJC_MSGSEND = YES;
				GCC_C_LANGUAGE_STANDARD = gnu11;
				GCC_NO_COMMON_BLOCKS = YES;
				GCC_WARN_64_TO_32_BIT_CONVERSION = YES;
				GCC_WARN_ABOUT_RETURN_TYPE = YES_ERROR;
				GCC_WARN_UNDECLARED_SELECTOR = YES;
				GCC_WARN_UNINITIALIZED_AUTOS = YES_AGGRESSIVE;
				GCC_WARN_UNUSED_FUNCTION = YES;
				GCC_WARN_UNUSED_VARIABLE = YES;
				IPHONEOS_DEPLOYMENT_TARGET = 15.0;
				MTL_ENABLE_DEBUG_INFO = NO;
				MTL_FAST_MATH = YES;
				SDKROOT = iphoneos;
				SWIFT_COMPILATION_MODE = wholemodule;
				SWIFT_OPTIMIZATION_LEVEL = "-O";
				VALIDATE_PRODUCT = YES;
			};
			name = Release;
		};
		858F946B2780C6E200D2D3B1 /* Debug */ = {
			isa = XCBuildConfiguration;
			baseConfigurationReference = 82BE2DB9CEFEC150D1C2328B /* Pods-PhotosListTask.debug.xcconfig */;
			buildSettings = {
				ASSETCATALOG_COMPILER_APPICON_NAME = AppIcon;
				ASSETCATALOG_COMPILER_GLOBAL_ACCENT_COLOR_NAME = AccentColor;
				CODE_SIGN_STYLE = Automatic;
				CURRENT_PROJECT_VERSION = 1;
				DEVELOPMENT_TEAM = MSRA36Q647;
				GENERATE_INFOPLIST_FILE = YES;
				INFOPLIST_FILE = PhotosListTask/Resources/Info.plist;
				INFOPLIST_KEY_UIApplicationSupportsIndirectInputEvents = YES;
				INFOPLIST_KEY_UILaunchStoryboardName = LaunchScreen;
				INFOPLIST_KEY_UISupportedInterfaceOrientations_iPad = "UIInterfaceOrientationPortrait UIInterfaceOrientationPortraitUpsideDown UIInterfaceOrientationLandscapeLeft UIInterfaceOrientationLandscapeRight";
				INFOPLIST_KEY_UISupportedInterfaceOrientations_iPhone = "UIInterfaceOrientationPortrait UIInterfaceOrientationLandscapeLeft UIInterfaceOrientationLandscapeRight";
				IPHONEOS_DEPLOYMENT_TARGET = 13.0;
				LD_RUNPATH_SEARCH_PATHS = (
					"$(inherited)",
					"@executable_path/Frameworks",
				);
				MARKETING_VERSION = 1.0;
				PRODUCT_BUNDLE_IDENTIFIER = com.aya.PhotosListTask;
				PRODUCT_NAME = "$(TARGET_NAME)";
				SWIFT_EMIT_LOC_STRINGS = YES;
				SWIFT_VERSION = 5.0;
				TARGETED_DEVICE_FAMILY = "1,2";
			};
			name = Debug;
		};
		858F946C2780C6E200D2D3B1 /* Release */ = {
			isa = XCBuildConfiguration;
			baseConfigurationReference = 1446D448FE84C4612277AD0F /* Pods-PhotosListTask.release.xcconfig */;
			buildSettings = {
				ASSETCATALOG_COMPILER_APPICON_NAME = AppIcon;
				ASSETCATALOG_COMPILER_GLOBAL_ACCENT_COLOR_NAME = AccentColor;
				CODE_SIGN_STYLE = Automatic;
				CURRENT_PROJECT_VERSION = 1;
				DEVELOPMENT_TEAM = MSRA36Q647;
				GENERATE_INFOPLIST_FILE = YES;
				INFOPLIST_FILE = PhotosListTask/Resources/Info.plist;
				INFOPLIST_KEY_UIApplicationSupportsIndirectInputEvents = YES;
				INFOPLIST_KEY_UILaunchStoryboardName = LaunchScreen;
				INFOPLIST_KEY_UISupportedInterfaceOrientations_iPad = "UIInterfaceOrientationPortrait UIInterfaceOrientationPortraitUpsideDown UIInterfaceOrientationLandscapeLeft UIInterfaceOrientationLandscapeRight";
				INFOPLIST_KEY_UISupportedInterfaceOrientations_iPhone = "UIInterfaceOrientationPortrait UIInterfaceOrientationLandscapeLeft UIInterfaceOrientationLandscapeRight";
				IPHONEOS_DEPLOYMENT_TARGET = 13.0;
				LD_RUNPATH_SEARCH_PATHS = (
					"$(inherited)",
					"@executable_path/Frameworks",
				);
				MARKETING_VERSION = 1.0;
				PRODUCT_BUNDLE_IDENTIFIER = com.aya.PhotosListTask;
				PRODUCT_NAME = "$(TARGET_NAME)";
				SWIFT_EMIT_LOC_STRINGS = YES;
				SWIFT_VERSION = 5.0;
				TARGETED_DEVICE_FAMILY = "1,2";
			};
			name = Release;
		};
		858F946E2780C6E200D2D3B1 /* Debug */ = {
			isa = XCBuildConfiguration;
			baseConfigurationReference = 548BCC1D99045BD530F7C42A /* Pods-PhotosListTaskTests.debug.xcconfig */;
			buildSettings = {
				ALWAYS_EMBED_SWIFT_STANDARD_LIBRARIES = YES;
				BUNDLE_LOADER = "$(TEST_HOST)";
				CODE_SIGN_STYLE = Automatic;
				CURRENT_PROJECT_VERSION = 1;
				DEVELOPMENT_TEAM = MSRA36Q647;
				GENERATE_INFOPLIST_FILE = YES;
				IPHONEOS_DEPLOYMENT_TARGET = 15.0;
				LD_RUNPATH_SEARCH_PATHS = (
					"$(inherited)",
					"@executable_path/Frameworks",
					"@loader_path/Frameworks",
				);
				MARKETING_VERSION = 1.0;
				PRODUCT_BUNDLE_IDENTIFIER = com.aya.PhotosListTaskTests;
				PRODUCT_NAME = "$(TARGET_NAME)";
				SWIFT_EMIT_LOC_STRINGS = NO;
				SWIFT_VERSION = 5.0;
				TARGETED_DEVICE_FAMILY = "1,2";
				TEST_HOST = "$(BUILT_PRODUCTS_DIR)/PhotosListTask.app/PhotosListTask";
			};
			name = Debug;
		};
		858F946F2780C6E200D2D3B1 /* Release */ = {
			isa = XCBuildConfiguration;
			baseConfigurationReference = ECB1712681F3B30F40E919C5 /* Pods-PhotosListTaskTests.release.xcconfig */;
			buildSettings = {
				ALWAYS_EMBED_SWIFT_STANDARD_LIBRARIES = YES;
				BUNDLE_LOADER = "$(TEST_HOST)";
				CODE_SIGN_STYLE = Automatic;
				CURRENT_PROJECT_VERSION = 1;
				DEVELOPMENT_TEAM = MSRA36Q647;
				GENERATE_INFOPLIST_FILE = YES;
				IPHONEOS_DEPLOYMENT_TARGET = 15.0;
				LD_RUNPATH_SEARCH_PATHS = (
					"$(inherited)",
					"@executable_path/Frameworks",
					"@loader_path/Frameworks",
				);
				MARKETING_VERSION = 1.0;
				PRODUCT_BUNDLE_IDENTIFIER = com.aya.PhotosListTaskTests;
				PRODUCT_NAME = "$(TARGET_NAME)";
				SWIFT_EMIT_LOC_STRINGS = NO;
				SWIFT_VERSION = 5.0;
				TARGETED_DEVICE_FAMILY = "1,2";
				TEST_HOST = "$(BUILT_PRODUCTS_DIR)/PhotosListTask.app/PhotosListTask";
			};
			name = Release;
		};
		858F94712780C6E200D2D3B1 /* Debug */ = {
			isa = XCBuildConfiguration;
			baseConfigurationReference = 3DE989079144182037F2090E /* Pods-PhotosListTask-PhotosListTaskUITests.debug.xcconfig */;
			buildSettings = {
				ALWAYS_EMBED_SWIFT_STANDARD_LIBRARIES = YES;
				CODE_SIGN_STYLE = Automatic;
				CURRENT_PROJECT_VERSION = 1;
				DEVELOPMENT_TEAM = MSRA36Q647;
				GENERATE_INFOPLIST_FILE = YES;
				LD_RUNPATH_SEARCH_PATHS = (
					"$(inherited)",
					"@executable_path/Frameworks",
					"@loader_path/Frameworks",
				);
				MARKETING_VERSION = 1.0;
				PRODUCT_BUNDLE_IDENTIFIER = com.aya.PhotosListTaskUITests;
				PRODUCT_NAME = "$(TARGET_NAME)";
				SWIFT_EMIT_LOC_STRINGS = NO;
				SWIFT_VERSION = 5.0;
				TARGETED_DEVICE_FAMILY = "1,2";
				TEST_TARGET_NAME = PhotosListTask;
			};
			name = Debug;
		};
		858F94722780C6E200D2D3B1 /* Release */ = {
			isa = XCBuildConfiguration;
			baseConfigurationReference = 856A691A28D8C3778BE67023 /* Pods-PhotosListTask-PhotosListTaskUITests.release.xcconfig */;
			buildSettings = {
				ALWAYS_EMBED_SWIFT_STANDARD_LIBRARIES = YES;
				CODE_SIGN_STYLE = Automatic;
				CURRENT_PROJECT_VERSION = 1;
				DEVELOPMENT_TEAM = MSRA36Q647;
				GENERATE_INFOPLIST_FILE = YES;
				LD_RUNPATH_SEARCH_PATHS = (
					"$(inherited)",
					"@executable_path/Frameworks",
					"@loader_path/Frameworks",
				);
				MARKETING_VERSION = 1.0;
				PRODUCT_BUNDLE_IDENTIFIER = com.aya.PhotosListTaskUITests;
				PRODUCT_NAME = "$(TARGET_NAME)";
				SWIFT_EMIT_LOC_STRINGS = NO;
				SWIFT_VERSION = 5.0;
				TARGETED_DEVICE_FAMILY = "1,2";
				TEST_TARGET_NAME = PhotosListTask;
			};
			name = Release;
		};
/* End XCBuildConfiguration section */

/* Begin XCConfigurationList section */
		858F94382780C6E000D2D3B1 /* Build configuration list for PBXProject "PhotosListTask" */ = {
			isa = XCConfigurationList;
			buildConfigurations = (
				858F94682780C6E200D2D3B1 /* Debug */,
				858F94692780C6E200D2D3B1 /* Release */,
			);
			defaultConfigurationIsVisible = 0;
			defaultConfigurationName = Release;
		};
		858F946A2780C6E200D2D3B1 /* Build configuration list for PBXNativeTarget "PhotosListTask" */ = {
			isa = XCConfigurationList;
			buildConfigurations = (
				858F946B2780C6E200D2D3B1 /* Debug */,
				858F946C2780C6E200D2D3B1 /* Release */,
			);
			defaultConfigurationIsVisible = 0;
			defaultConfigurationName = Release;
		};
		858F946D2780C6E200D2D3B1 /* Build configuration list for PBXNativeTarget "PhotosListTaskTests" */ = {
			isa = XCConfigurationList;
			buildConfigurations = (
				858F946E2780C6E200D2D3B1 /* Debug */,
				858F946F2780C6E200D2D3B1 /* Release */,
			);
			defaultConfigurationIsVisible = 0;
			defaultConfigurationName = Release;
		};
		858F94702780C6E200D2D3B1 /* Build configuration list for PBXNativeTarget "PhotosListTaskUITests" */ = {
			isa = XCConfigurationList;
			buildConfigurations = (
				858F94712780C6E200D2D3B1 /* Debug */,
				858F94722780C6E200D2D3B1 /* Release */,
			);
			defaultConfigurationIsVisible = 0;
			defaultConfigurationName = Release;
		};
/* End XCConfigurationList section */
	};
	rootObject = 858F94352780C6E000D2D3B1 /* Project object */;
}
